
Microsoft Visual Studio Solution File, Format Version 12.00
# Visual Studio Version 17
VisualStudioVersion = 17.5.33516.290
MinimumVisualStudioVersion = 10.0.40219.1
Project("{9A19103F-16F7-4668-BE54-9A1E7A4F7556}") = "ExpensesTracker", "ExpensesTracker\ExpensesTracker.csproj", "{A64425D3-997D-40CA-9986-ACC4040B5927}"
EndProject
Project("{2150E333-8FDC-42A3-9474-1A3956D46DE8}") = "Solution Items", "Solution Items", "{0E9D4073-4C5F-4EFC-8EE3-AD0B974B0FAB}"
	ProjectSection(SolutionItems) = preProject
		.editorconfig = .editorconfig
	EndProjectSection
EndProject
Global
	GlobalSection(SolutionConfigurationPlatforms) = preSolution
		Debug|Any CPU = Debug|Any CPU
		Debug|x64 = Debug|x64
		Release|Any CPU = Release|Any CPU
		Release|x64 = Release|x64
	EndGlobalSection
	GlobalSection(ProjectConfigurationPlatforms) = postSolution
		{A64425D3-997D-40CA-9986-ACC4040B5927}.Debug|Any CPU.ActiveCfg = Debug|Any CPU
		{A64425D3-997D-40CA-9986-ACC4040B5927}.Debug|Any CPU.Build.0 = Debug|Any CPU
		{A64425D3-997D-40CA-9986-ACC4040B5927}.Debug|x64.ActiveCfg = Debug|x64
		{A64425D3-997D-40CA-9986-ACC4040B5927}.Debug|x64.Build.0 = Debug|x64
		{A64425D3-997D-40CA-9986-ACC4040B5927}.Release|Any CPU.ActiveCfg = Release|Any CPU
		{A64425D3-997D-40CA-9986-ACC4040B5927}.Release|Any CPU.Build.0 = Release|Any CPU
		{A64425D3-997D-40CA-9986-ACC4040B5927}.Release|x64.ActiveCfg = Release|x64
		{A64425D3-997D-40CA-9986-ACC4040B5927}.Release|x64.Build.0 = Release|x64
	EndGlobalSection
	GlobalSection(SolutionProperties) = preSolution
		HideSolutionNode = FALSE
	EndGlobalSection
	GlobalSection(ExtensibilityGlobals) = postSolution
		SolutionGuid = {BA688FCE-CEFF-4043-8478-6B8EEB9260E5}
	EndGlobalSection
EndGlobal
